Microsoft Visual Studio Solution File, Format Version 12.00
# Visual Studio Version 17
VisualStudioVersion = 17.5.2.0
MinimumVisualStudioVersion = 10.0.40219.1
Project("{FAE04EC0-301F-11D3-BF4B-00C04F79EFBC}") = "PlanningSystem", "PlanningSystem\PlanningSystem.csproj", "{757A4FC1-1E07-A494-79CF-0F02BEA4ACE0}"
EndProject
Global
	GlobalSection(SolutionConfigurationPlatforms) = preSolution
		Debug|Any CPU = Debug|Any CPU
		Release|Any CPU = Release|Any CPU
	EndGlobalSection
	GlobalSection(ProjectConfigurationPlatforms) = postSolution
		{757A4FC1-1E07-A494-79CF-0F02BEA4ACE0}.Debug|Any CPU.ActiveCfg = Debug|Any CPU
		{757A4FC1-1E07-A494-79CF-0F02BEA4ACE0}.Debug|Any CPU.Build.0 = Debug|Any CPU
		{757A4FC1-1E07-A494-79CF-0F02BEA4ACE0}.Release|Any CPU.ActiveCfg = Release|Any CPU
		{757A4FC1-1E07-A494-79CF-0F02BEA4ACE0}.Release|Any CPU.Build.0 = Release|Any CPU
	EndGlobalSection
	GlobalSection(SolutionProperties) = preSolution
		HideSolutionNode = FALSE
	EndGlobalSection
	GlobalSection(ExtensibilityGlobals) = postSolution
		SolutionGuid = {79635F23-0BAC-46C9-AB99-2FDF35EEEEB5}
	EndGlobalSection
EndGlobal
